// !$*UTF8*$!
{
	archiveVersion = 1;
	classes = {
	};
	objectVersion = 46;
	objects = {

/* Begin PBXBuildFile section */
		76BB0A6E7F91950E813171C3 /* Pods_BeaconDemo.framework in Frameworks */ = {isa = PBXBuildFile; fileRef = C307C6499428290965E30AE2 /* Pods_BeaconDemo.framework */; };
		D41CE6BE1DFE5620001AA9BC /* StarsDetailTableViewCell.swift in Sources */ = {isa = PBXBuildFile; fileRef = D41CE6BC1DFE5620001AA9BC /* StarsDetailTableViewCell.swift */; };
		D41CE6BF1DFE5620001AA9BC /* StarsDetailTableViewCell.xib in Resources */ = {isa = PBXBuildFile; fileRef = D41CE6BD1DFE5620001AA9BC /* StarsDetailTableViewCell.xib */; };
		D44AFDEF1DFE415A00E23EB9 /* Constants.swift in Sources */ = {isa = PBXBuildFile; fileRef = D44AFDEE1DFE415A00E23EB9 /* Constants.swift */; };
		D44AFDF51DFE4DF900E23EB9 /* BDBusiness.swift in Sources */ = {isa = PBXBuildFile; fileRef = D44AFDF41DFE4DF900E23EB9 /* BDBusiness.swift */; };
		D45F99EF1E00ECF40056F87D /* SystemConfiguration.framework in Frameworks */ = {isa = PBXBuildFile; fileRef = D45F99EE1E00ECF40056F87D /* SystemConfiguration.framework */; };
		D45F99F11E00ECFA0056F87D /* CoreGraphics.framework in Frameworks */ = {isa = PBXBuildFile; fileRef = D45F99F01E00ECFA0056F87D /* CoreGraphics.framework */; };
		D47E93C81DFF8BA000C072DC /* Util.swift in Sources */ = {isa = PBXBuildFile; fileRef = D47E93C71DFF8BA000C072DC /* Util.swift */; };
		D47E93CC1DFF95E700C072DC /* BDStars.swift in Sources */ = {isa = PBXBuildFile; fileRef = D47E93CB1DFF95E700C072DC /* BDStars.swift */; };
		D4F981E31DFC667B0015CD8F /* AppDelegate.swift in Sources */ = {isa = PBXBuildFile; fileRef = D4F981E21DFC667B0015CD8F /* AppDelegate.swift */; };
		D4F981E81DFC667B0015CD8F /* Main.storyboard in Resources */ = {isa = PBXBuildFile; fileRef = D4F981E61DFC667B0015CD8F /* Main.storyboard */; };
		D4F981EA1DFC667B0015CD8F /* Assets.xcassets in Resources */ = {isa = PBXBuildFile; fileRef = D4F981E91DFC667B0015CD8F /* Assets.xcassets */; };
		D4F981ED1DFC667B0015CD8F /* LaunchScreen.storyboard in Resources */ = {isa = PBXBuildFile; fileRef = D4F981EB1DFC667B0015CD8F /* LaunchScreen.storyboard */; };
		D4F981F91DFC68D90015CD8F /* HomeViewController.swift in Sources */ = {isa = PBXBuildFile; fileRef = D4F981F71DFC68D90015CD8F /* HomeViewController.swift */; };
		D4F981FA1DFC68D90015CD8F /* HomeViewController.xib in Resources */ = {isa = PBXBuildFile; fileRef = D4F981F81DFC68D90015CD8F /* HomeViewController.xib */; };
		D4F982001DFC77790015CD8F /* LoginViewController.swift in Sources */ = {isa = PBXBuildFile; fileRef = D4F981FE1DFC77790015CD8F /* LoginViewController.swift */; };
		D4F982011DFC77790015CD8F /* LoginViewController.xib in Resources */ = {isa = PBXBuildFile; fileRef = D4F981FF1DFC77790015CD8F /* LoginViewController.xib */; };
/* End PBXBuildFile section */

/* Begin PBXFileReference section */
		672A617E16D609ADB0120EB3 /* Pods-BeaconDemo.debug.xcconfig */ = {isa = PBXFileReference; includeInIndex = 1; lastKnownFileType = text.xcconfig; name = "Pods-BeaconDemo.debug.xcconfig"; path = "Pods/Target Support Files/Pods-BeaconDemo/Pods-BeaconDemo.debug.xcconfig"; sourceTree = "<group>"; };
		C307C6499428290965E30AE2 /* Pods_BeaconDemo.framework */ = {isa = PBXFileReference; explicitFileType = wrapper.framework; includeInIndex = 0; path = Pods_BeaconDemo.framework; sourceTree = BUILT_PRODUCTS_DIR; };
		D41CE6BC1DFE5620001AA9BC /* StarsDetailTableViewCell.swift */ = {isa = PBXFileReference; fileEncoding = 4; lastKnownFileType = sourcecode.swift; path = StarsDetailTableViewCell.swift; sourceTree = "<group>"; };
		D41CE6BD1DFE5620001AA9BC /* StarsDetailTableViewCell.xib */ = {isa = PBXFileReference; fileEncoding = 4; lastKnownFileType = file.xib; path = StarsDetailTableViewCell.xib; sourceTree = "<group>"; };
		D44AFDEE1DFE415A00E23EB9 /* Constants.swift */ = {isa = PBXFileReference; fileEncoding = 4; lastKnownFileType = sourcecode.swift; path = Constants.swift; sourceTree = "<group>"; };
		D44AFDF41DFE4DF900E23EB9 /* BDBusiness.swift */ = {isa = PBXFileReference; fileEncoding = 4; lastKnownFileType = sourcecode.swift; path = BDBusiness.swift; sourceTree = "<group>"; };
		D45F99EE1E00ECF40056F87D /* SystemConfiguration.framework */ = {isa = PBXFileReference; lastKnownFileType = wrapper.framework; name = SystemConfiguration.framework; path = System/Library/Frameworks/SystemConfiguration.framework; sourceTree = SDKROOT; };
		D45F99F01E00ECFA0056F87D /* CoreGraphics.framework */ = {isa = PBXFileReference; lastKnownFileType = wrapper.framework; name = CoreGraphics.framework; path = System/Library/Frameworks/CoreGraphics.framework; sourceTree = SDKROOT; };
		D47E93C71DFF8BA000C072DC /* Util.swift */ = {isa = PBXFileReference; fileEncoding = 4; lastKnownFileType = sourcecode.swift; path = Util.swift; sourceTree = "<group>"; };
		D47E93CB1DFF95E700C072DC /* BDStars.swift */ = {isa = PBXFileReference; fileEncoding = 4; lastKnownFileType = sourcecode.swift; path = BDStars.swift; sourceTree = "<group>"; };
		D47E93CD1DFFB49500C072DC /* BeaconDemo-bridging-header.h */ = {isa = PBXFileReference; lastKnownFileType = sourcecode.c.h; path = "BeaconDemo-bridging-header.h"; sourceTree = "<group>"; };
		D4F981DF1DFC667B0015CD8F /* BeaconDemo.app */ = {isa = PBXFileReference; explicitFileType = wrapper.application; includeInIndex = 0; path = BeaconDemo.app; sourceTree = BUILT_PRODUCTS_DIR; };
		D4F981E21DFC667B0015CD8F /* AppDelegate.swift */ = {isa = PBXFileReference; lastKnownFileType = sourcecode.swift; path = AppDelegate.swift; sourceTree = "<group>"; };
		D4F981E71DFC667B0015CD8F /* Base */ = {isa = PBXFileReference; lastKnownFileType = file.storyboard; name = Base; path = Base.lproj/Main.storyboard; sourceTree = "<group>"; };
		D4F981E91DFC667B0015CD8F /* Assets.xcassets */ = {isa = PBXFileReference; lastKnownFileType = folder.assetcatalog; path = Assets.xcassets; sourceTree = "<group>"; };
		D4F981EC1DFC667B0015CD8F /* Base */ = {isa = PBXFileReference; lastKnownFileType = file.storyboard; name = Base; path = Base.lproj/LaunchScreen.storyboard; sourceTree = "<group>"; };
		D4F981EE1DFC667B0015CD8F /* Info.plist */ = {isa = PBXFileReference; lastKnownFileType = text.plist.xml; path = Info.plist; sourceTree = "<group>"; };
		D4F981F71DFC68D90015CD8F /* HomeViewController.swift */ = {isa = PBXFileReference; fileEncoding = 4; lastKnownFileType = sourcecode.swift; path = HomeViewController.swift; sourceTree = "<group>"; };
		D4F981F81DFC68D90015CD8F /* HomeViewController.xib */ = {isa = PBXFileReference; fileEncoding = 4; lastKnownFileType = file.xib; path = HomeViewController.xib; sourceTree = "<group>"; };
		D4F981FE1DFC77790015CD8F /* LoginViewController.swift */ = {isa = PBXFileReference; fileEncoding = 4; lastKnownFileType = sourcecode.swift; path = LoginViewController.swift; sourceTree = "<group>"; };
		D4F981FF1DFC77790015CD8F /* LoginViewController.xib */ = {isa = PBXFileReference; fileEncoding = 4; lastKnownFileType = file.xib; path = LoginViewController.xib; sourceTree = "<group>"; };
		E2BEE646C1BC39385DA8ED20 /* Pods-BeaconDemo.release.xcconfig */ = {isa = PBXFileReference; includeInIndex = 1; lastKnownFileType = text.xcconfig; name = "Pods-BeaconDemo.release.xcconfig"; path = "Pods/Target Support Files/Pods-BeaconDemo/Pods-BeaconDemo.release.xcconfig"; sourceTree = "<group>"; };
/* End PBXFileReference section */

/* Begin PBXFrameworksBuildPhase section */
		D4F981DC1DFC667B0015CD8F /* Frameworks */ = {
			isa = PBXFrameworksBuildPhase;
			buildActionMask = 2147483647;
			files = (
				D45F99F11E00ECFA0056F87D /* CoreGraphics.framework in Frameworks */,
				D45F99EF1E00ECF40056F87D /* SystemConfiguration.framework in Frameworks */,
				76BB0A6E7F91950E813171C3 /* Pods_BeaconDemo.framework in Frameworks */,
			);
			runOnlyForDeploymentPostprocessing = 0;
		};
/* End PBXFrameworksBuildPhase section */

/* Begin PBXGroup section */
		0085B11F2A53254E491BE993 /* Frameworks */ = {
			isa = PBXGroup;
			children = (
				D45F99F01E00ECFA0056F87D /* CoreGraphics.framework */,
				D45F99EE1E00ECF40056F87D /* SystemConfiguration.framework */,
				C307C6499428290965E30AE2 /* Pods_BeaconDemo.framework */,
			);
			name = Frameworks;
			sourceTree = "<group>";
		};
		D44AFDEB1DFE3CA100E23EB9 /* Util */ = {
			isa = PBXGroup;
			children = (
				D44AFDEE1DFE415A00E23EB9 /* Constants.swift */,
				D47E93C71DFF8BA000C072DC /* Util.swift */,
			);
			path = Util;
			sourceTree = "<group>";
		};
		D44AFDF61DFE519E00E23EB9 /* Cells */ = {
			isa = PBXGroup;
			children = (
				D41CE6BC1DFE5620001AA9BC /* StarsDetailTableViewCell.swift */,
				D41CE6BD1DFE5620001AA9BC /* StarsDetailTableViewCell.xib */,
			);
			path = Cells;
			sourceTree = "<group>";
		};
		D4F981D61DFC667B0015CD8F = {
			isa = PBXGroup;
			children = (
				D4F981E11DFC667B0015CD8F /* BeaconDemo */,
				D4F981E01DFC667B0015CD8F /* Products */,
				F2C5A8600D97A3C64DCACD68 /* Pods */,
				0085B11F2A53254E491BE993 /* Frameworks */,
			);
			sourceTree = "<group>";
		};
		D4F981E01DFC667B0015CD8F /* Products */ = {
			isa = PBXGroup;
			children = (
				D4F981DF1DFC667B0015CD8F /* BeaconDemo.app */,
			);
			name = Products;
			sourceTree = "<group>";
		};
		D4F981E11DFC667B0015CD8F /* BeaconDemo */ = {
			isa = PBXGroup;
			children = (
				D4F981E21DFC667B0015CD8F /* AppDelegate.swift */,
				D44AFDEB1DFE3CA100E23EB9 /* Util */,
				D4F981F51DFC681F0015CD8F /* Controllers */,
				D44AFDF61DFE519E00E23EB9 /* Cells */,
				D4F981F61DFC68240015CD8F /* Models */,
				D4F981FB1DFC6AC10015CD8F /* Frameworks */,
				D4F981F41DFC67DD0015CD8F /* Supporting Files */,
			);
			path = BeaconDemo;
			sourceTree = "<group>";
		};
		D4F981F41DFC67DD0015CD8F /* Supporting Files */ = {
			isa = PBXGroup;
			children = (
				D4F981E61DFC667B0015CD8F /* Main.storyboard */,
				D4F981E91DFC667B0015CD8F /* Assets.xcassets */,
				D4F981EB1DFC667B0015CD8F /* LaunchScreen.storyboard */,
				D4F981EE1DFC667B0015CD8F /* Info.plist */,
				D47E93CD1DFFB49500C072DC /* BeaconDemo-bridging-header.h */,
			);
			name = "Supporting Files";
			sourceTree = "<group>";
		};
		D4F981F51DFC681F0015CD8F /* Controllers */ = {
			isa = PBXGroup;
			children = (
				D4F981F71DFC68D90015CD8F /* HomeViewController.swift */,
				D4F981F81DFC68D90015CD8F /* HomeViewController.xib */,
				D4F981FE1DFC77790015CD8F /* LoginViewController.swift */,
				D4F981FF1DFC77790015CD8F /* LoginViewController.xib */,
			);
			path = Controllers;
			sourceTree = "<group>";
		};
		D4F981F61DFC68240015CD8F /* Models */ = {
			isa = PBXGroup;
			children = (
				D44AFDF41DFE4DF900E23EB9 /* BDBusiness.swift */,
				D47E93CB1DFF95E700C072DC /* BDStars.swift */,
			);
			path = Models;
			sourceTree = "<group>";
		};
		D4F981FB1DFC6AC10015CD8F /* Frameworks */ = {
			isa = PBXGroup;
			children = (
			);
			path = Frameworks;
			sourceTree = "<group>";
		};
		F2C5A8600D97A3C64DCACD68 /* Pods */ = {
			isa = PBXGroup;
			children = (
				672A617E16D609ADB0120EB3 /* Pods-BeaconDemo.debug.xcconfig */,
				E2BEE646C1BC39385DA8ED20 /* Pods-BeaconDemo.release.xcconfig */,
			);
			name = Pods;
			sourceTree = "<group>";
		};
/* End PBXGroup section */

/* Begin PBXNativeTarget section */
		D4F981DE1DFC667B0015CD8F /* BeaconDemo */ = {
			isa = PBXNativeTarget;
			buildConfigurationList = D4F981F11DFC667B0015CD8F /* Build configuration list for PBXNativeTarget "BeaconDemo" */;
			buildPhases = (
				282CDE43A46126CC59F06114 /* [CP] Check Pods Manifest.lock */,
				D4F981DB1DFC667B0015CD8F /* Sources */,
				D4F981DC1DFC667B0015CD8F /* Frameworks */,
				D4F981DD1DFC667B0015CD8F /* Resources */,
				A22F7AFBEDFBE27525C36B8E /* [CP] Embed Pods Frameworks */,
				507F489BE58D6878234C969B /* [CP] Copy Pods Resources */,
			);
			buildRules = (
			);
			dependencies = (
			);
			name = BeaconDemo;
			productName = BeaconDemo;
			productReference = D4F981DF1DFC667B0015CD8F /* BeaconDemo.app */;
			productType = "com.apple.product-type.application";
		};
/* End PBXNativeTarget section */

/* Begin PBXProject section */
		D4F981D71DFC667B0015CD8F /* Project object */ = {
			isa = PBXProject;
			attributes = {
				LastSwiftUpdateCheck = 0730;
				LastUpgradeCheck = 0730;
				ORGANIZATIONNAME = Clinpays;
				TargetAttributes = {
					D4F981DE1DFC667B0015CD8F = {
						CreatedOnToolsVersion = 7.3.1;
						LastSwiftMigration = 0810;
						ProvisioningStyle = Manual;
					};
				};
			};
			buildConfigurationList = D4F981DA1DFC667B0015CD8F /* Build configuration list for PBXProject "BeaconDemo" */;
			compatibilityVersion = "Xcode 3.2";
			developmentRegion = English;
			hasScannedForEncodings = 0;
			knownRegions = (
				en,
				Base,
			);
			mainGroup = D4F981D61DFC667B0015CD8F;
			productRefGroup = D4F981E01DFC667B0015CD8F /* Products */;
			projectDirPath = "";
			projectRoot = "";
			targets = (
				D4F981DE1DFC667B0015CD8F /* BeaconDemo */,
			);
		};
/* End PBXProject section */

/* Begin PBXResourcesBuildPhase section */
		D4F981DD1DFC667B0015CD8F /* Resources */ = {
			isa = PBXResourcesBuildPhase;
			buildActionMask = 2147483647;
			files = (
				D41CE6BF1DFE5620001AA9BC /* StarsDetailTableViewCell.xib in Resources */,
				D4F982011DFC77790015CD8F /* LoginViewController.xib in Resources */,
				D4F981ED1DFC667B0015CD8F /* LaunchScreen.storyboard in Resources */,
				D4F981EA1DFC667B0015CD8F /* Assets.xcassets in Resources */,
				D4F981E81DFC667B0015CD8F /* Main.storyboard in Resources */,
				D4F981FA1DFC68D90015CD8F /* HomeViewController.xib in Resources */,
			);
			runOnlyForDeploymentPostprocessing = 0;
		};
/* End PBXResourcesBuildPhase section */

/* Begin PBXShellScriptBuildPhase section */
		282CDE43A46126CC59F06114 /* [CP] Check Pods Manifest.lock */ = {
			isa = PBXShellScriptBuildPhase;
			buildActionMask = 2147483647;
			files = (
			);
			inputPaths = (
			);
			name = "[CP] Check Pods Manifest.lock";
			outputPaths = (
			);
			runOnlyForDeploymentPostprocessing = 0;
			shellPath = /bin/sh;
			shellScript = "diff \"${PODS_ROOT}/../Podfile.lock\" \"${PODS_ROOT}/Manifest.lock\" > /dev/null\nif [ $? != 0 ] ; then\n    # print error to STDERR\n    echo \"error: The sandbox is not in sync with the Podfile.lock. Run 'pod install' or update your CocoaPods installation.\" >&2\n    exit 1\nfi\n";
			showEnvVarsInLog = 0;
		};
		507F489BE58D6878234C969B /* [CP] Copy Pods Resources */ = {
			isa = PBXShellScriptBuildPhase;
			buildActionMask = 2147483647;
			files = (
			);
			inputPaths = (
			);
			name = "[CP] Copy Pods Resources";
			outputPaths = (
			);
			runOnlyForDeploymentPostprocessing = 0;
			shellPath = /bin/sh;
			shellScript = "\"${SRCROOT}/Pods/Target Support Files/Pods-BeaconDemo/Pods-BeaconDemo-resources.sh\"\n";
			showEnvVarsInLog = 0;
		};
		A22F7AFBEDFBE27525C36B8E /* [CP] Embed Pods Frameworks */ = {
			isa = PBXShellScriptBuildPhase;
			buildActionMask = 2147483647;
			files = (
			);
			inputPaths = (
			);
			name = "[CP] Embed Pods Frameworks";
			outputPaths = (
			);
			runOnlyForDeploymentPostprocessing = 0;
			shellPath = /bin/sh;
			shellScript = "\"${SRCROOT}/Pods/Target Support Files/Pods-BeaconDemo/Pods-BeaconDemo-frameworks.sh\"\n";
			showEnvVarsInLog = 0;
		};
/* End PBXShellScriptBuildPhase section */

/* Begin PBXSourcesBuildPhase section */
		D4F981DB1DFC667B0015CD8F /* Sources */ = {
			isa = PBXSourcesBuildPhase;
			buildActionMask = 2147483647;
			files = (
				D4F982001DFC77790015CD8F /* LoginViewController.swift in Sources */,
				D47E93C81DFF8BA000C072DC /* Util.swift in Sources */,
				D44AFDF51DFE4DF900E23EB9 /* BDBusiness.swift in Sources */,
				D41CE6BE1DFE5620001AA9BC /* StarsDetailTableViewCell.swift in Sources */,
				D4F981E31DFC667B0015CD8F /* AppDelegate.swift in Sources */,
				D47E93CC1DFF95E700C072DC /* BDStars.swift in Sources */,
				D4F981F91DFC68D90015CD8F /* HomeViewController.swift in Sources */,
				D44AFDEF1DFE415A00E23EB9 /* Constants.swift in Sources */,
			);
			runOnlyForDeploymentPostprocessing = 0;
		};
/* End PBXSourcesBuildPhase section */

/* Begin PBXVariantGroup section */
		D4F981E61DFC667B0015CD8F /* Main.storyboard */ = {
			isa = PBXVariantGroup;
			children = (
				D4F981E71DFC667B0015CD8F /* Base */,
			);
			name = Main.storyboard;
			sourceTree = "<group>";
		};
		D4F981EB1DFC667B0015CD8F /* LaunchScreen.storyboard */ = {
			isa = PBXVariantGroup;
			children = (
				D4F981EC1DFC667B0015CD8F /* Base */,
			);
			name = LaunchScreen.storyboard;
			sourceTree = "<group>";
		};
/* End PBXVariantGroup section */

/* Begin XCBuildConfiguration section */
		D4F981EF1DFC667B0015CD8F /* Debug */ = {
			isa = XCBuildConfiguration;
			buildSettings = {
				ALWAYS_SEARCH_USER_PATHS = NO;
				CLANG_ANALYZER_NONNULL = YES;
				CLANG_CXX_LANGUAGE_STANDARD = "gnu++0x";
				CLANG_CXX_LIBRARY = "libc++";
				CLANG_ENABLE_MODULES = YES;
				CLANG_ENABLE_OBJC_ARC = YES;
				CLANG_WARN_BOOL_CONVERSION = YES;
				CLANG_WARN_CONSTANT_CONVERSION = YES;
				CLANG_WARN_DIRECT_OBJC_ISA_USAGE = YES_ERROR;
				CLANG_WARN_EMPTY_BODY = YES;
				CLANG_WARN_ENUM_CONVERSION = YES;
				CLANG_WARN_INT_CONVERSION = YES;
				CLANG_WARN_OBJC_ROOT_CLASS = YES_ERROR;
				CLANG_WARN_UNREACHABLE_CODE = YES;
				CLANG_WARN__DUPLICATE_METHOD_MATCH = YES;
				"CODE_SIGN_IDENTITY[sdk=iphoneos*]" = "iPhone Developer";
				COPY_PHASE_STRIP = NO;
				DEBUG_INFORMATION_FORMAT = dwarf;
				ENABLE_STRICT_OBJC_MSGSEND = YES;
				ENABLE_TESTABILITY = YES;
				GCC_C_LANGUAGE_STANDARD = gnu99;
				GCC_DYNAMIC_NO_PIC = NO;
				GCC_NO_COMMON_BLOCKS = YES;
				GCC_OPTIMIZATION_LEVEL = 0;
				GCC_PREPROCESSOR_DEFINITIONS = (
					"DEBUG=1",
					"$(inherited)",
				);
				GCC_WARN_64_TO_32_BIT_CONVERSION = YES;
				GCC_WARN_ABOUT_RETURN_TYPE = YES_ERROR;
				GCC_WARN_UNDECLARED_SELECTOR = YES;
				GCC_WARN_UNINITIALIZED_AUTOS = YES_AGGRESSIVE;
				GCC_WARN_UNUSED_FUNCTION = YES;
				GCC_WARN_UNUSED_VARIABLE = YES;
				IPHONEOS_DEPLOYMENT_TARGET = 9.3;
				MTL_ENABLE_DEBUG_INFO = YES;
				ONLY_ACTIVE_ARCH = YES;
				SDKROOT = iphoneos;
				SWIFT_OPTIMIZATION_LEVEL = "-Onone";
				TARGETED_DEVICE_FAMILY = "1,2";
			};
			name = Debug;
		};
		D4F981F01DFC667B0015CD8F /* Release */ = {
			isa = XCBuildConfiguration;
			buildSettings = {
				ALWAYS_SEARCH_USER_PATHS = NO;
				CLANG_ANALYZER_NONNULL = YES;
				CLANG_CXX_LANGUAGE_STANDARD = "gnu++0x";
				CLANG_CXX_LIBRARY = "libc++";
				CLANG_ENABLE_MODULES = YES;
				CLANG_ENABLE_OBJC_ARC = YES;
				CLANG_WARN_BOOL_CONVERSION = YES;
				CLANG_WARN_CONSTANT_CONVERSION = YES;
				CLANG_WARN_DIRECT_OBJC_ISA_USAGE = YES_ERROR;
				CLANG_WARN_EMPTY_BODY = YES;
				CLANG_WARN_ENUM_CONVERSION = YES;
				CLANG_WARN_INT_CONVERSION = YES;
				CLANG_WARN_OBJC_ROOT_CLASS = YES_ERROR;
				CLANG_WARN_UNREACHABLE_CODE = YES;
				CLANG_WARN__DUPLICATE_METHOD_MATCH = YES;
				"CODE_SIGN_IDENTITY[sdk=iphoneos*]" = "iPhone Developer";
				COPY_PHASE_STRIP = NO;
				DEBUG_INFORMATION_FORMAT = "dwarf-with-dsym";
				ENABLE_NS_ASSERTIONS = NO;
				ENABLE_STRICT_OBJC_MSGSEND = YES;
				GCC_C_LANGUAGE_STANDARD = gnu99;
				GCC_NO_COMMON_BLOCKS = YES;
				GCC_WARN_64_TO_32_BIT_CONVERSION = YES;
				GCC_WARN_ABOUT_RETURN_TYPE = YES_ERROR;
				GCC_WARN_UNDECLARED_SELECTOR = YES;
				GCC_WARN_UNINITIALIZED_AUTOS = YES_AGGRESSIVE;
				GCC_WARN_UNUSED_FUNCTION = YES;
				GCC_WARN_UNUSED_VARIABLE = YES;
				IPHONEOS_DEPLOYMENT_TARGET = 9.3;
				MTL_ENABLE_DEBUG_INFO = NO;
				SDKROOT = iphoneos;
				TARGETED_DEVICE_FAMILY = "1,2";
				VALIDATE_PRODUCT = YES;
			};
			name = Release;
		};
		D4F981F21DFC667B0015CD8F /* Debug */ = {
			isa = XCBuildConfiguration;
			baseConfigurationReference = 672A617E16D609ADB0120EB3 /* Pods-BeaconDemo.debug.xcconfig */;
			buildSettings = {
				ASSETCATALOG_COMPILER_APPICON_NAME = AppIcon;
				CODE_SIGN_IDENTITY = "";
				DEVELOPMENT_TEAM = "";
				FRAMEWORK_SEARCH_PATHS = (
					"$(inherited)",
					"$(PROJECT_DIR)/BeaconDemo/Frameworks",
				);
				INFOPLIST_FILE = BeaconDemo/Info.plist;
				LD_RUNPATH_SEARCH_PATHS = "$(inherited) @executable_path/Frameworks";
				PRODUCT_BUNDLE_IDENTIFIER = com.demo.beaconDemo;
				PRODUCT_NAME = "$(TARGET_NAME)";
				PROVISIONING_PROFILE = "";
				PROVISIONING_PROFILE_SPECIFIER = "";
				SWIFT_OBJC_BRIDGING_HEADER = "BeaconDemo/BeaconDemo-bridging-header.h";
				SWIFT_VERSION = 2.3;
			};
			name = Debug;
		};
		D4F981F31DFC667B0015CD8F /* Release */ = {
			isa = XCBuildConfiguration;
			baseConfigurationReference = E2BEE646C1BC39385DA8ED20 /* Pods-BeaconDemo.release.xcconfig */;
			buildSettings = {
				ASSETCATALOG_COMPILER_APPICON_NAME = AppIcon;
				DEVELOPMENT_TEAM = "";
				FRAMEWORK_SEARCH_PATHS = (
					"$(inherited)",
					"$(PROJECT_DIR)/BeaconDemo/Frameworks",
				);
				INFOPLIST_FILE = BeaconDemo/Info.plist;
				LD_RUNPATH_SEARCH_PATHS = "$(inherited) @executable_path/Frameworks";
				PRODUCT_BUNDLE_IDENTIFIER = com.demo.beaconDemo;
				PRODUCT_NAME = "$(TARGET_NAME)";
				PROVISIONING_PROFILE = "";
				PROVISIONING_PROFILE_SPECIFIER = "";
				SWIFT_OBJC_BRIDGING_HEADER = "BeaconDemo/BeaconDemo-bridging-header.h";
				SWIFT_VERSION = 2.3;
			};
			name = Release;
		};
/* End XCBuildConfiguration section */

/* Begin XCConfigurationList section */
		D4F981DA1DFC667B0015CD8F /* Build configuration list for PBXProject "BeaconDemo" */ = {
			isa = XCConfigurationList;
			buildConfigurations = (
				D4F981EF1DFC667B0015CD8F /* Debug */,
				D4F981F01DFC667B0015CD8F /* Release */,
			);
			defaultConfigurationIsVisible = 0;
			defaultConfigurationName = Release;
		};
		D4F981F11DFC667B0015CD8F /* Build configuration list for PBXNativeTarget "BeaconDemo" */ = {
			isa = XCConfigurationList;
			buildConfigurations = (
				D4F981F21DFC667B0015CD8F /* Debug */,
				D4F981F31DFC667B0015CD8F /* Release */,
			);
			defaultConfigurationIsVisible = 0;
			defaultConfigurationName = Release;
		};
/* End XCConfigurationList section */
	};
	rootObject = D4F981D71DFC667B0015CD8F /* Project object */;
}
